
Microsoft Visual Studio Solution File, Format Version 12.00
# Visual Studio Version 16
VisualStudioVersion = 16.0.30011.22
MinimumVisualStudioVersion = 10.0.40219.1
Project("{9A19103F-16F7-4668-BE54-9A1E7A4F7556}") = "Jakes_Ode_To_Food", "Jakes_Ode_To_Food.csproj", "{CE34D2F7-4631-4F30-8DBF-1C0EE34A393F}"
EndProject
Project("{FAE04EC0-301F-11D3-BF4B-00C04F79EFBC}") = "OdeToFood.Core", "..\OdeToFood.Core\OdeToFood.Core.csproj", "{B54356CB-BA79-4465-8CEB-4D162F0FF41D}"
EndProject
Project("{FAE04EC0-301F-11D3-BF4B-00C04F79EFBC}") = "OdeToFood.Data", "..\OdeToFood.Data\OdeToFood.Data.csproj", "{E25ED2F2-A418-4393-85A0-1CC9DA79227A}"
EndProject
Global
	GlobalSection(SolutionConfigurationPlatforms) = preSolution
		Debug|Any CPU = Debug|Any CPU
		Release|Any CPU = Release|Any CPU
	EndGlobalSection
	GlobalSection(ProjectConfigurationPlatforms) = postSolution
		{CE34D2F7-4631-4F30-8DBF-1C0EE34A393F}.Debug|Any CPU.ActiveCfg = Debug|Any CPU
		{CE34D2F7-4631-4F30-8DBF-1C0EE34A393F}.Debug|Any CPU.Build.0 = Debug|Any CPU
		{CE34D2F7-4631-4F30-8DBF-1C0EE34A393F}.Release|Any CPU.ActiveCfg = Release|Any CPU
		{CE34D2F7-4631-4F30-8DBF-1C0EE34A393F}.Release|Any CPU.Build.0 = Release|Any CPU
		{B54356CB-BA79-4465-8CEB-4D162F0FF41D}.Debug|Any CPU.ActiveCfg = Debug|Any CPU
		{B54356CB-BA79-4465-8CEB-4D162F0FF41D}.Debug|Any CPU.Build.0 = Debug|Any CPU
		{B54356CB-BA79-4465-8CEB-4D162F0FF41D}.Release|Any CPU.ActiveCfg = Release|Any CPU
		{B54356CB-BA79-4465-8CEB-4D162F0FF41D}.Release|Any CPU.Build.0 = Release|Any CPU
		{E25ED2F2-A418-4393-85A0-1CC9DA79227A}.Debug|Any CPU.ActiveCfg = Debug|Any CPU
		{E25ED2F2-A418-4393-85A0-1CC9DA79227A}.Debug|Any CPU.Build.0 = Debug|Any CPU
		{E25ED2F2-A418-4393-85A0-1CC9DA79227A}.Release|Any CPU.ActiveCfg = Release|Any CPU
		{E25ED2F2-A418-4393-85A0-1CC9DA79227A}.Release|Any CPU.Build.0 = Release|Any CPU
	EndGlobalSection
	GlobalSection(SolutionProperties) = preSolution
		HideSolutionNode = FALSE
	EndGlobalSection
	GlobalSection(ExtensibilityGlobals) = postSolution
		SolutionGuid = {BF11E864-CF53-4FCF-B046-F280868C8C76}
	EndGlobalSection
EndGlobal
